<Solution>
  <Project Path="Booking.API/Booking.API.csproj" />
  <Project Path="Catalog.API/Catalog.API.csproj" />
  <Project Path="Identity.API/Identity.API.csproj" />
  <Project Path="Notification.API/Notification.API.csproj" />
  <Project Path="Payment.API/Payment.API.csproj" />
  <Project Path="TicketBooking.Common/TicketBooking.Common.csproj" />
</Solution>
